{
  "name": "qlik.dev",
  "lockfileVersion": 3,
  "requires": true,
  "packages": {
    "": {
      "dependencies": {
        "@qlik/api": "^1.24.0",
        "enigma.js": "^2.14.0",
        "ws": "^8.18.0"
      }
    },
    "node_modules/@qlik/api": {
      "version": "1.24.0",
      "resolved": "https://registry.npmjs.org/@qlik/api/-/api-1.24.0.tgz",
      "integrity": "sha512-TqN+DDk3x3T9xZBF9ULfctGP1Ki+isEqpAGVnRm5DEGlVBDIxxqpiuJLX9aJzKSnCfA7pXPuOsbLVJItgeVlOQ==",
      "license": "ISC",
      "dependencies": {
        "enigma.js": "^2.14.0",
        "lodash": "^4.17.21",
        "nanoid": "^5.0.7",
        "ws": "^8.18.0"
      },
      "engines": {
        "node": ">=18"
      }
    },
    "node_modules/enigma.js": {
      "version": "2.14.0",
      "resolved": "https://registry.npmjs.org/enigma.js/-/enigma.js-2.14.0.tgz",
      "integrity": "sha512-M84VjtO2w9+AUDK5NEn5j7FOPBdiSkwRbbgVFWxkLXxutH/z8ATGFh0Ko/4pTNwWF/9On/lEEr4BOI+ZewSw9g==",
      "license": "MIT"
    },
    "node_modules/lodash": {
      "version": "4.17.21",
      "resolved": "https://registry.npmjs.org/lodash/-/lodash-4.17.21.tgz",
      "integrity": "sha512-v2kDEe57lecTulaDIuNTPy3Ry4gLGJ6Z1O3vE1krgXZNrsQ+LFTGHVxVjcXPs17LhbZVGedAJv8XZ1tvj5FvSg==",
      "license": "MIT"
    },
    "node_modules/nanoid": {
      "version": "5.0.8",
      "resolved": "https://registry.npmjs.org/nanoid/-/nanoid-5.0.8.tgz",
      "integrity": "sha512-TcJPw+9RV9dibz1hHUzlLVy8N4X9TnwirAjrU08Juo6BNKggzVfP2ZJ/3ZUSq15Xl5i85i+Z89XBO90pB2PghQ==",
      "funding": [
        {
          "type": "github",
          "url": "https://github.com/sponsors/ai"
        }
      ],
      "license": "MIT",
      "bin": {
        "nanoid": "bin/nanoid.js"
      },
      "engines": {
        "node": "^18 || >=20"
      }
    },
    "node_modules/ws": {
      "version": "8.18.0",
      "resolved": "https://registry.npmjs.org/ws/-/ws-8.18.0.tgz",
      "integrity": "sha512-8VbfWfHLbbwu3+N6OKsOMpBdT4kXPDDB9cJk2bJ6mh9ucxdlnNvH1e+roYkKmN9Nxw2yjz7VzeO9oOz2zJ04Pw==",
      "license": "MIT",
      "engines": {
        "node": ">=10.0.0"
      },
      "peerDependencies": {
        "bufferutil": "^4.0.1",
        "utf-8-validate": ">=5.0.2"
      },
      "peerDependenciesMeta": {
        "bufferutil": {
          "optional": true
        },
        "utf-8-validate": {
          "optional": true
        }
      }
    }
  }
}
